
Microsoft Visual Studio Solution File, Format Version 12.00
# Visual Studio Version 17
VisualStudioVersion = 17.13.35825.156 d17.13
MinimumVisualStudioVersion = 10.0.40219.1
Project("{FAE04EC0-301F-11D3-BF4B-00C04F79EFBC}") = "Practica01", "Practica01\Practica01.csproj", "{AFAA19B3-81AC-48BA-99AE-2B5AF4DCE36F}"
EndProject
Global
	GlobalSection(SolutionConfigurationPlatforms) = preSolution
		Debug|Any CPU = Debug|Any CPU
		Release|Any CPU = Release|Any CPU
	EndGlobalSection
	GlobalSection(ProjectConfigurationPlatforms) = postSolution
		{AFAA19B3-81AC-48BA-99AE-2B5AF4DCE36F}.Debug|Any CPU.ActiveCfg = Debug|Any CPU
		{AFAA19B3-81AC-48BA-99AE-2B5AF4DCE36F}.Debug|Any CPU.Build.0 = Debug|Any CPU
		{AFAA19B3-81AC-48BA-99AE-2B5AF4DCE36F}.Release|Any CPU.ActiveCfg = Release|Any CPU
		{AFAA19B3-81AC-48BA-99AE-2B5AF4DCE36F}.Release|Any CPU.Build.0 = Release|Any CPU
	EndGlobalSection
	GlobalSection(SolutionProperties) = preSolution
		HideSolutionNode = FALSE
	EndGlobalSection
	GlobalSection(ExtensibilityGlobals) = postSolution
		SolutionGuid = {2E48EAFB-A713-42C3-B7E2-BE96B7A91CB6}
	EndGlobalSection
EndGlobal
